// !$*UTF8*$!
{
	archiveVersion = 1;
	classes = {
	};
	objectVersion = 50;
	objects = {

/* Begin PBXBuildFile section */
		6FE4047026D48FCE009F23A7 /* test_swap_server.c in Sources */ = {isa = PBXBuildFile; fileRef = 6FE4046B26D48FCD009F23A7 /* test_swap_server.c */; };
		6FE4047126D48FCE009F23A7 /* sdp.c in Sources */ = {isa = PBXBuildFile; fileRef = 6FE4046C26D48FCD009F23A7 /* sdp.c */; };
		6FE4047226D48FCE009F23A7 /* swap_client.c in Sources */ = {isa = PBXBuildFile; fileRef = 6FE4046D26D48FCD009F23A7 /* swap_client.c */; };
		6FE4047326D48FCE009F23A7 /* swap_server.c in Sources */ = {isa = PBXBuildFile; fileRef = 6FE4046E26D48FCE009F23A7 /* swap_server.c */; };
		6FE4047426D48FCE009F23A7 /* test_swap_client.c in Sources */ = {isa = PBXBuildFile; fileRef = 6FE4046F26D48FCE009F23A7 /* test_swap_client.c */; };
		6FE4047A26D4903A009F23A7 /* checksum.c in Sources */ = {isa = PBXBuildFile; fileRef = 6FE4047926D4903A009F23A7 /* checksum.c */; };
/* End PBXBuildFile section */

/* Begin PBXCopyFilesBuildPhase section */
		6FE4045D26D48F04009F23A7 /* CopyFiles */ = {
			isa = PBXCopyFilesBuildPhase;
			buildActionMask = 2147483647;
			dstPath = /usr/share/man/man1/;
			dstSubfolderSpec = 0;
			files = (
			);
			runOnlyForDeploymentPostprocessing = 1;
		};
/* End PBXCopyFilesBuildPhase section */

/* Begin PBXFileReference section */
		6FE4045F26D48F04009F23A7 /* Implimenting a SWAP */ = {isa = PBXFileReference; explicitFileType = "compiled.mach-o.executable"; includeInIndex = 0; path = "Implimenting a SWAP"; sourceTree = BUILT_PRODUCTS_DIR; };
		6FE4046B26D48FCD009F23A7 /* test_swap_server.c */ = {isa = PBXFileReference; fileEncoding = 4; lastKnownFileType = sourcecode.c.c; path = test_swap_server.c; sourceTree = "<group>"; };
		6FE4046C26D48FCD009F23A7 /* sdp.c */ = {isa = PBXFileReference; fileEncoding = 4; lastKnownFileType = sourcecode.c.c; path = sdp.c; sourceTree = "<group>"; };
		6FE4046D26D48FCD009F23A7 /* swap_client.c */ = {isa = PBXFileReference; fileEncoding = 4; lastKnownFileType = sourcecode.c.c; path = swap_client.c; sourceTree = "<group>"; };
		6FE4046E26D48FCE009F23A7 /* swap_server.c */ = {isa = PBXFileReference; fileEncoding = 4; lastKnownFileType = sourcecode.c.c; path = swap_server.c; sourceTree = "<group>"; };
		6FE4046F26D48FCE009F23A7 /* test_swap_client.c */ = {isa = PBXFileReference; fileEncoding = 4; lastKnownFileType = sourcecode.c.c; path = test_swap_client.c; sourceTree = "<group>"; };
		6FE4047926D4903A009F23A7 /* checksum.c */ = {isa = PBXFileReference; lastKnownFileType = sourcecode.c.c; path = checksum.c; sourceTree = "<group>"; };
/* End PBXFileReference section */

/* Begin PBXFrameworksBuildPhase section */
		6FE4045C26D48F04009F23A7 /* Frameworks */ = {
			isa = PBXFrameworksBuildPhase;
			buildActionMask = 2147483647;
			files = (
			);
			runOnlyForDeploymentPostprocessing = 0;
		};
/* End PBXFrameworksBuildPhase section */

/* Begin PBXGroup section */
		6FE4045626D48F04009F23A7 = {
			isa = PBXGroup;
			children = (
				6FE4046126D48F04009F23A7 /* Implimenting a SWAP */,
				6FE4046026D48F04009F23A7 /* Products */,
			);
			sourceTree = "<group>";
		};
		6FE4046026D48F04009F23A7 /* Products */ = {
			isa = PBXGroup;
			children = (
				6FE4045F26D48F04009F23A7 /* Implimenting a SWAP */,
			);
			name = Products;
			sourceTree = "<group>";
		};
		6FE4046126D48F04009F23A7 /* Implimenting a SWAP */ = {
			isa = PBXGroup;
			children = (
				6FE4046C26D48FCD009F23A7 /* sdp.c */,
				6FE4046D26D48FCD009F23A7 /* swap_client.c */,
				6FE4046E26D48FCE009F23A7 /* swap_server.c */,
				6FE4046F26D48FCE009F23A7 /* test_swap_client.c */,
				6FE4046B26D48FCD009F23A7 /* test_swap_server.c */,
				6FE4047926D4903A009F23A7 /* checksum.c */,
			);
			path = "Implimenting a SWAP";
			sourceTree = "<group>";
		};
/* End PBXGroup section */

/* Begin PBXNativeTarget section */
		6FE4045E26D48F04009F23A7 /* Implimenting a SWAP */ = {
			isa = PBXNativeTarget;
			buildConfigurationList = 6FE4046626D48F04009F23A7 /* Build configuration list for PBXNativeTarget "Implimenting a SWAP" */;
			buildPhases = (
				6FE4045B26D48F04009F23A7 /* Sources */,
				6FE4045C26D48F04009F23A7 /* Frameworks */,
				6FE4045D26D48F04009F23A7 /* CopyFiles */,
			);
			buildRules = (
			);
			dependencies = (
			);
			name = "Implimenting a SWAP";
			productName = "Implimenting a SWAP";
			productReference = 6FE4045F26D48F04009F23A7 /* Implimenting a SWAP */;
			productType = "com.apple.product-type.tool";
		};
/* End PBXNativeTarget section */

/* Begin PBXProject section */
		6FE4045726D48F04009F23A7 /* Project object */ = {
			isa = PBXProject;
			attributes = {
				LastUpgradeCheck = 1250;
				TargetAttributes = {
					6FE4045E26D48F04009F23A7 = {
						CreatedOnToolsVersion = 12.5.1;
					};
				};
			};
			buildConfigurationList = 6FE4045A26D48F04009F23A7 /* Build configuration list for PBXProject "Implimenting a SWAP" */;
			compatibilityVersion = "Xcode 9.3";
			developmentRegion = en;
			hasScannedForEncodings = 0;
			knownRegions = (
				en,
				Base,
			);
			mainGroup = 6FE4045626D48F04009F23A7;
			productRefGroup = 6FE4046026D48F04009F23A7 /* Products */;
			projectDirPath = "";
			projectRoot = "";
			targets = (
				6FE4045E26D48F04009F23A7 /* Implimenting a SWAP */,
			);
		};
/* End PBXProject section */

/* Begin PBXSourcesBuildPhase section */
		6FE4045B26D48F04009F23A7 /* Sources */ = {
			isa = PBXSourcesBuildPhase;
			buildActionMask = 2147483647;
			files = (
				6FE4047126D48FCE009F23A7 /* sdp.c in Sources */,
				6FE4047026D48FCE009F23A7 /* test_swap_server.c in Sources */,
				6FE4047A26D4903A009F23A7 /* checksum.c in Sources */,
				6FE4047326D48FCE009F23A7 /* swap_server.c in Sources */,
				6FE4047226D48FCE009F23A7 /* swap_client.c in Sources */,
				6FE4047426D48FCE009F23A7 /* test_swap_client.c in Sources */,
			);
			runOnlyForDeploymentPostprocessing = 0;
		};
/* End PBXSourcesBuildPhase section */

/* Begin XCBuildConfiguration section */
		6FE4046426D48F04009F23A7 /* Debug */ = {
			isa = XCBuildConfiguration;
			buildSettings = {
				ALWAYS_SEARCH_USER_PATHS = NO;
				CLANG_ANALYZER_NONNULL = YES;
				CLANG_ANALYZER_NUMBER_OBJECT_CONVERSION = YES_AGGRESSIVE;
				CLANG_CXX_LANGUAGE_STANDARD = "gnu++14";
				CLANG_CXX_LIBRARY = "libc++";
				CLANG_ENABLE_MODULES = YES;
				CLANG_ENABLE_OBJC_ARC = YES;
				CLANG_ENABLE_OBJC_WEAK = YES;
				CLANG_WARN_BLOCK_CAPTURE_AUTORELEASING = YES;
				CLANG_WARN_BOOL_CONVERSION = YES;
				CLANG_WARN_COMMA = YES;
				CLANG_WARN_CONSTANT_CONVERSION = YES;
				CLANG_WARN_DEPRECATED_OBJC_IMPLEMENTATIONS = YES;
				CLANG_WARN_DIRECT_OBJC_ISA_USAGE = YES_ERROR;
				CLANG_WARN_DOCUMENTATION_COMMENTS = YES;
				CLANG_WARN_EMPTY_BODY = YES;
				CLANG_WARN_ENUM_CONVERSION = YES;
				CLANG_WARN_INFINITE_RECURSION = YES;
				CLANG_WARN_INT_CONVERSION = YES;
				CLANG_WARN_NON_LITERAL_NULL_CONVERSION = YES;
				CLANG_WARN_OBJC_IMPLICIT_RETAIN_SELF = YES;
				CLANG_WARN_OBJC_LITERAL_CONVERSION = YES;
				CLANG_WARN_OBJC_ROOT_CLASS = YES_ERROR;
				CLANG_WARN_QUOTED_INCLUDE_IN_FRAMEWORK_HEADER = YES;
				CLANG_WARN_RANGE_LOOP_ANALYSIS = YES;
				CLANG_WARN_STRICT_PROTOTYPES = YES;
				CLANG_WARN_SUSPICIOUS_MOVE = YES;
				CLANG_WARN_UNGUARDED_AVAILABILITY = YES_AGGRESSIVE;
				CLANG_WARN_UNREACHABLE_CODE = YES;
				CLANG_WARN__DUPLICATE_METHOD_MATCH = YES;
				COPY_PHASE_STRIP = NO;
				DEBUG_INFORMATION_FORMAT = dwarf;
				ENABLE_STRICT_OBJC_MSGSEND = YES;
				ENABLE_TESTABILITY = YES;
				GCC_C_LANGUAGE_STANDARD = gnu11;
				GCC_DYNAMIC_NO_PIC = NO;
				GCC_NO_COMMON_BLOCKS = YES;
				GCC_OPTIMIZATION_LEVEL = 0;
				GCC_PREPROCESSOR_DEFINITIONS = (
					"DEBUG=1",
					"$(inherited)",
				);
				GCC_WARN_64_TO_32_BIT_CONVERSION = YES;
				GCC_WARN_ABOUT_RETURN_TYPE = YES_ERROR;
				GCC_WARN_UNDECLARED_SELECTOR = YES;
				GCC_WARN_UNINITIALIZED_AUTOS = YES_AGGRESSIVE;
				GCC_WARN_UNUSED_FUNCTION = YES;
				GCC_WARN_UNUSED_VARIABLE = YES;
				MACOSX_DEPLOYMENT_TARGET = 11.3;
				MTL_ENABLE_DEBUG_INFO = INCLUDE_SOURCE;
				MTL_FAST_MATH = YES;
				ONLY_ACTIVE_ARCH = YES;
				SDKROOT = macosx;
			};
			name = Debug;
		};
		6FE4046526D48F04009F23A7 /* Release */ = {
			isa = XCBuildConfiguration;
			buildSettings = {
				ALWAYS_SEARCH_USER_PATHS = NO;
				CLANG_ANALYZER_NONNULL = YES;
				CLANG_ANALYZER_NUMBER_OBJECT_CONVERSION = YES_AGGRESSIVE;
				CLANG_CXX_LANGUAGE_STANDARD = "gnu++14";
				CLANG_CXX_LIBRARY = "libc++";
				CLANG_ENABLE_MODULES = YES;
				CLANG_ENABLE_OBJC_ARC = YES;
				CLANG_ENABLE_OBJC_WEAK = YES;
				CLANG_WARN_BLOCK_CAPTURE_AUTORELEASING = YES;
				CLANG_WARN_BOOL_CONVERSION = YES;
				CLANG_WARN_COMMA = YES;
				CLANG_WARN_CONSTANT_CONVERSION = YES;
				CLANG_WARN_DEPRECATED_OBJC_IMPLEMENTATIONS = YES;
				CLANG_WARN_DIRECT_OBJC_ISA_USAGE = YES_ERROR;
				CLANG_WARN_DOCUMENTATION_COMMENTS = YES;
				CLANG_WARN_EMPTY_BODY = YES;
				CLANG_WARN_ENUM_CONVERSION = YES;
				CLANG_WARN_INFINITE_RECURSION = YES;
				CLANG_WARN_INT_CONVERSION = YES;
				CLANG_WARN_NON_LITERAL_NULL_CONVERSION = YES;
				CLANG_WARN_OBJC_IMPLICIT_RETAIN_SELF = YES;
				CLANG_WARN_OBJC_LITERAL_CONVERSION = YES;
				CLANG_WARN_OBJC_ROOT_CLASS = YES_ERROR;
				CLANG_WARN_QUOTED_INCLUDE_IN_FRAMEWORK_HEADER = YES;
				CLANG_WARN_RANGE_LOOP_ANALYSIS = YES;
				CLANG_WARN_STRICT_PROTOTYPES = YES;
				CLANG_WARN_SUSPICIOUS_MOVE = YES;
				CLANG_WARN_UNGUARDED_AVAILABILITY = YES_AGGRESSIVE;
				CLANG_WARN_UNREACHABLE_CODE = YES;
				CLANG_WARN__DUPLICATE_METHOD_MATCH = YES;
				COPY_PHASE_STRIP = NO;
				DEBUG_INFORMATION_FORMAT = "dwarf-with-dsym";
				ENABLE_NS_ASSERTIONS = NO;
				ENABLE_STRICT_OBJC_MSGSEND = YES;
				GCC_C_LANGUAGE_STANDARD = gnu11;
				GCC_NO_COMMON_BLOCKS = YES;
				GCC_WARN_64_TO_32_BIT_CONVERSION = YES;
				GCC_WARN_ABOUT_RETURN_TYPE = YES_ERROR;
				GCC_WARN_UNDECLARED_SELECTOR = YES;
				GCC_WARN_UNINITIALIZED_AUTOS = YES_AGGRESSIVE;
				GCC_WARN_UNUSED_FUNCTION = YES;
				GCC_WARN_UNUSED_VARIABLE = YES;
				MACOSX_DEPLOYMENT_TARGET = 11.3;
				MTL_ENABLE_DEBUG_INFO = NO;
				MTL_FAST_MATH = YES;
				SDKROOT = macosx;
			};
			name = Release;
		};
		6FE4046726D48F04009F23A7 /* Debug */ = {
			isa = XCBuildConfiguration;
			buildSettings = {
				CODE_SIGN_STYLE = Automatic;
				PRODUCT_NAME = "$(TARGET_NAME)";
			};
			name = Debug;
		};
		6FE4046826D48F04009F23A7 /* Release */ = {
			isa = XCBuildConfiguration;
			buildSettings = {
				CODE_SIGN_STYLE = Automatic;
				PRODUCT_NAME = "$(TARGET_NAME)";
			};
			name = Release;
		};
/* End XCBuildConfiguration section */

/* Begin XCConfigurationList section */
		6FE4045A26D48F04009F23A7 /* Build configuration list for PBXProject "Implimenting a SWAP" */ = {
			isa = XCConfigurationList;
			buildConfigurations = (
				6FE4046426D48F04009F23A7 /* Debug */,
				6FE4046526D48F04009F23A7 /* Release */,
			);
			defaultConfigurationIsVisible = 0;
			defaultConfigurationName = Release;
		};
		6FE4046626D48F04009F23A7 /* Build configuration list for PBXNativeTarget "Implimenting a SWAP" */ = {
			isa = XCConfigurationList;
			buildConfigurations = (
				6FE4046726D48F04009F23A7 /* Debug */,
				6FE4046826D48F04009F23A7 /* Release */,
			);
			defaultConfigurationIsVisible = 0;
			defaultConfigurationName = Release;
		};
/* End XCConfigurationList section */
	};
	rootObject = 6FE4045726D48F04009F23A7 /* Project object */;
}
